
Microsoft Visual Studio Solution File, Format Version 12.00
# Visual Studio Version 17
VisualStudioVersion = 17.0.31903.59
MinimumVisualStudioVersion = 10.0.40219.1
Project("{FAE04EC0-301F-11D3-BF4B-00C04F79EFBC}") = "Reserva.API", "Reserva.API\Reserva.API.csproj", "{C3685CE8-75B2-4612-BC3E-06BB67F9FF3C}"
EndProject
Project("{FAE04EC0-301F-11D3-BF4B-00C04F79EFBC}") = "Reserva.Domain", "Reserva.Domain\Reserva.Domain.csproj", "{6440FC58-52B4-43FA-8B7A-686DB5C0DF1C}"
EndProject
Project("{FAE04EC0-301F-11D3-BF4B-00C04F79EFBC}") = "Reserva.Infrastructure", "Reserva.Infrastructure\Reserva.Infrastructure.csproj", "{34B78D32-CBBE-4877-AC7F-DF424598B682}"
EndProject
Global
	GlobalSection(SolutionConfigurationPlatforms) = preSolution
		Debug|Any CPU = Debug|Any CPU
		Debug|x64 = Debug|x64
		Debug|x86 = Debug|x86
		Release|Any CPU = Release|Any CPU
		Release|x64 = Release|x64
		Release|x86 = Release|x86
	EndGlobalSection
	GlobalSection(ProjectConfigurationPlatforms) = postSolution
		{C3685CE8-75B2-4612-BC3E-06BB67F9FF3C}.Debug|Any CPU.ActiveCfg = Debug|Any CPU
		{C3685CE8-75B2-4612-BC3E-06BB67F9FF3C}.Debug|Any CPU.Build.0 = Debug|Any CPU
		{C3685CE8-75B2-4612-BC3E-06BB67F9FF3C}.Debug|x64.ActiveCfg = Debug|Any CPU
		{C3685CE8-75B2-4612-BC3E-06BB67F9FF3C}.Debug|x64.Build.0 = Debug|Any CPU
		{C3685CE8-75B2-4612-BC3E-06BB67F9FF3C}.Debug|x86.ActiveCfg = Debug|Any CPU
		{C3685CE8-75B2-4612-BC3E-06BB67F9FF3C}.Debug|x86.Build.0 = Debug|Any CPU
		{C3685CE8-75B2-4612-BC3E-06BB67F9FF3C}.Release|Any CPU.ActiveCfg = Release|Any CPU
		{C3685CE8-75B2-4612-BC3E-06BB67F9FF3C}.Release|Any CPU.Build.0 = Release|Any CPU
		{C3685CE8-75B2-4612-BC3E-06BB67F9FF3C}.Release|x64.ActiveCfg = Release|Any CPU
		{C3685CE8-75B2-4612-BC3E-06BB67F9FF3C}.Release|x64.Build.0 = Release|Any CPU
		{C3685CE8-75B2-4612-BC3E-06BB67F9FF3C}.Release|x86.ActiveCfg = Release|Any CPU
		{C3685CE8-75B2-4612-BC3E-06BB67F9FF3C}.Release|x86.Build.0 = Release|Any CPU
		{6440FC58-52B4-43FA-8B7A-686DB5C0DF1C}.Debug|Any CPU.ActiveCfg = Debug|Any CPU
		{6440FC58-52B4-43FA-8B7A-686DB5C0DF1C}.Debug|Any CPU.Build.0 = Debug|Any CPU
		{6440FC58-52B4-43FA-8B7A-686DB5C0DF1C}.Debug|x64.ActiveCfg = Debug|Any CPU
		{6440FC58-52B4-43FA-8B7A-686DB5C0DF1C}.Debug|x64.Build.0 = Debug|Any CPU
		{6440FC58-52B4-43FA-8B7A-686DB5C0DF1C}.Debug|x86.ActiveCfg = Debug|Any CPU
		{6440FC58-52B4-43FA-8B7A-686DB5C0DF1C}.Debug|x86.Build.0 = Debug|Any CPU
		{6440FC58-52B4-43FA-8B7A-686DB5C0DF1C}.Release|Any CPU.ActiveCfg = Release|Any CPU
		{6440FC58-52B4-43FA-8B7A-686DB5C0DF1C}.Release|Any CPU.Build.0 = Release|Any CPU
		{6440FC58-52B4-43FA-8B7A-686DB5C0DF1C}.Release|x64.ActiveCfg = Release|Any CPU
		{6440FC58-52B4-43FA-8B7A-686DB5C0DF1C}.Release|x64.Build.0 = Release|Any CPU
		{6440FC58-52B4-43FA-8B7A-686DB5C0DF1C}.Release|x86.ActiveCfg = Release|Any CPU
		{6440FC58-52B4-43FA-8B7A-686DB5C0DF1C}.Release|x86.Build.0 = Release|Any CPU
		{34B78D32-CBBE-4877-AC7F-DF424598B682}.Debug|Any CPU.ActiveCfg = Debug|Any CPU
		{34B78D32-CBBE-4877-AC7F-DF424598B682}.Debug|Any CPU.Build.0 = Debug|Any CPU
		{34B78D32-CBBE-4877-AC7F-DF424598B682}.Debug|x64.ActiveCfg = Debug|Any CPU
		{34B78D32-CBBE-4877-AC7F-DF424598B682}.Debug|x64.Build.0 = Debug|Any CPU
		{34B78D32-CBBE-4877-AC7F-DF424598B682}.Debug|x86.ActiveCfg = Debug|Any CPU
		{34B78D32-CBBE-4877-AC7F-DF424598B682}.Debug|x86.Build.0 = Debug|Any CPU
		{34B78D32-CBBE-4877-AC7F-DF424598B682}.Release|Any CPU.ActiveCfg = Release|Any CPU
		{34B78D32-CBBE-4877-AC7F-DF424598B682}.Release|Any CPU.Build.0 = Release|Any CPU
		{34B78D32-CBBE-4877-AC7F-DF424598B682}.Release|x64.ActiveCfg = Release|Any CPU
		{34B78D32-CBBE-4877-AC7F-DF424598B682}.Release|x64.Build.0 = Release|Any CPU
		{34B78D32-CBBE-4877-AC7F-DF424598B682}.Release|x86.ActiveCfg = Release|Any CPU
		{34B78D32-CBBE-4877-AC7F-DF424598B682}.Release|x86.Build.0 = Release|Any CPU
	EndGlobalSection
	GlobalSection(SolutionProperties) = preSolution
		HideSolutionNode = FALSE
	EndGlobalSection
EndGlobal
